
Microsoft Visual Studio Solution File, Format Version 12.00
# Visual Studio 14
VisualStudioVersion = 14.0.24720.0
MinimumVisualStudioVersion = 10.0.40219.1
Project("{FAE04EC0-301F-11D3-BF4B-00C04F79EFBC}") = "JenkinsCI", "JenkinsCI\JenkinsCI.csproj", "{84357CE4-07B8-4CB5-8E87-F80A67419884}"
EndProject
Project("{FAE04EC0-301F-11D3-BF4B-00C04F79EFBC}") = "JenkinsCITest", "JenkinsCITest\JenkinsCITest.csproj", "{54F2C0C2-0E62-44C2-A801-2BA70C3562F7}"
EndProject
Global
	GlobalSection(SolutionConfigurationPlatforms) = preSolution
		Debug|Any CPU = Debug|Any CPU
		Debug|ARM = Debug|ARM
		Debug|x64 = Debug|x64
		Debug|x86 = Debug|x86
		Release|Any CPU = Release|Any CPU
		Release|ARM = Release|ARM
		Release|x64 = Release|x64
		Release|x86 = Release|x86
	EndGlobalSection
	GlobalSection(ProjectConfigurationPlatforms) = postSolution
		{84357CE4-07B8-4CB5-8E87-F80A67419884}.Debug|Any CPU.ActiveCfg = Debug|Any CPU
		{84357CE4-07B8-4CB5-8E87-F80A67419884}.Debug|Any CPU.Build.0 = Debug|Any CPU
		{84357CE4-07B8-4CB5-8E87-F80A67419884}.Debug|ARM.ActiveCfg = Debug|Any CPU
		{84357CE4-07B8-4CB5-8E87-F80A67419884}.Debug|ARM.Build.0 = Debug|Any CPU
		{84357CE4-07B8-4CB5-8E87-F80A67419884}.Debug|x64.ActiveCfg = Debug|Any CPU
		{84357CE4-07B8-4CB5-8E87-F80A67419884}.Debug|x64.Build.0 = Debug|Any CPU
		{84357CE4-07B8-4CB5-8E87-F80A67419884}.Debug|x86.ActiveCfg = Debug|Any CPU
		{84357CE4-07B8-4CB5-8E87-F80A67419884}.Debug|x86.Build.0 = Debug|Any CPU
		{84357CE4-07B8-4CB5-8E87-F80A67419884}.Release|Any CPU.ActiveCfg = Release|Any CPU
		{84357CE4-07B8-4CB5-8E87-F80A67419884}.Release|Any CPU.Build.0 = Release|Any CPU
		{84357CE4-07B8-4CB5-8E87-F80A67419884}.Release|ARM.ActiveCfg = Release|Any CPU
		{84357CE4-07B8-4CB5-8E87-F80A67419884}.Release|ARM.Build.0 = Release|Any CPU
		{84357CE4-07B8-4CB5-8E87-F80A67419884}.Release|x64.ActiveCfg = Release|Any CPU
		{84357CE4-07B8-4CB5-8E87-F80A67419884}.Release|x64.Build.0 = Release|Any CPU
		{84357CE4-07B8-4CB5-8E87-F80A67419884}.Release|x86.ActiveCfg = Release|Any CPU
		{84357CE4-07B8-4CB5-8E87-F80A67419884}.Release|x86.Build.0 = Release|Any CPU
		{54F2C0C2-0E62-44C2-A801-2BA70C3562F7}.Debug|Any CPU.ActiveCfg = Debug|Any CPU
		{54F2C0C2-0E62-44C2-A801-2BA70C3562F7}.Debug|Any CPU.Build.0 = Debug|Any CPU
		{54F2C0C2-0E62-44C2-A801-2BA70C3562F7}.Debug|ARM.ActiveCfg = Debug|Any CPU
		{54F2C0C2-0E62-44C2-A801-2BA70C3562F7}.Debug|ARM.Build.0 = Debug|Any CPU
		{54F2C0C2-0E62-44C2-A801-2BA70C3562F7}.Debug|x64.ActiveCfg = Debug|Any CPU
		{54F2C0C2-0E62-44C2-A801-2BA70C3562F7}.Debug|x64.Build.0 = Debug|Any CPU
		{54F2C0C2-0E62-44C2-A801-2BA70C3562F7}.Debug|x86.ActiveCfg = Debug|Any CPU
		{54F2C0C2-0E62-44C2-A801-2BA70C3562F7}.Debug|x86.Build.0 = Debug|Any CPU
		{54F2C0C2-0E62-44C2-A801-2BA70C3562F7}.Release|Any CPU.ActiveCfg = Release|Any CPU
		{54F2C0C2-0E62-44C2-A801-2BA70C3562F7}.Release|Any CPU.Build.0 = Release|Any CPU
		{54F2C0C2-0E62-44C2-A801-2BA70C3562F7}.Release|ARM.ActiveCfg = Release|Any CPU
		{54F2C0C2-0E62-44C2-A801-2BA70C3562F7}.Release|ARM.Build.0 = Release|Any CPU
		{54F2C0C2-0E62-44C2-A801-2BA70C3562F7}.Release|x64.ActiveCfg = Release|Any CPU
		{54F2C0C2-0E62-44C2-A801-2BA70C3562F7}.Release|x64.Build.0 = Release|Any CPU
		{54F2C0C2-0E62-44C2-A801-2BA70C3562F7}.Release|x86.ActiveCfg = Release|Any CPU
		{54F2C0C2-0E62-44C2-A801-2BA70C3562F7}.Release|x86.Build.0 = Release|Any CPU
	EndGlobalSection
	GlobalSection(SolutionProperties) = preSolution
		HideSolutionNode = FALSE
	EndGlobalSection
EndGlobal
